lockVersion: 2.0.0
id: 0115721b-c5d5-4598-9754-02eb24f100a8
management:
  docChecksum: dab24f9c73228354ec3e2dd23594cdae
  docVersion: 1.0.0
  speakeasyVersion: 1.309.1
  generationVersion: 2.347.4
  releaseVersion: 0.9.2
  configChecksum: 0d24e0ab059ad4f6a7246f663f3ccea4
  repoURL: https://github.com/speakeasy-sdks/nango-typescript-sdk.git
  repoSubDirectory: .
  installationURL: https://github.com/speakeasy-sdks/nango-typescript-sdk
  published: true
features:
  typescript:
    additionalDependencies: 0.1.0
    core: 3.10.0
    flattening: 2.81.1
    globalSecurity: 2.82.9
    globalSecurityCallbacks: 0.1.0
    globalSecurityFlattening: 0.1.0
    globalServerURLs: 2.82.4
    groups: 2.81.2
    nameOverrides: 2.81.2
    responseFormat: 0.2.3
    sdkHooks: 0.1.0
    serverIDs: 2.81.2
generatedFiles:
  - src/sdk/integrations.ts
  - src/sdk/connections.ts
  - src/sdk/records.ts
  - src/sdk/sync.ts
  - src/sdk/actions.ts
  - src/sdk/environment.ts
  - src/sdk/proxy.ts
  - src/sdk/sdk.ts
  - .eslintrc.cjs
  - .npmignore
  - RUNTIMES.md
  - jsr.json
  - package.json
  - src/index.ts
  - src/lib/base64.ts
  - src/lib/config.ts
  - src/lib/encodings.ts
  - src/lib/http.ts
  - src/lib/is-plain-object.ts
  - src/lib/primitives.ts
  - src/lib/retries.ts
  - src/lib/schemas.ts
  - src/lib/sdks.ts
  - src/lib/security.ts
  - src/lib/url.ts
  - src/sdk/index.ts
  - src/models/errors/sdkerror.ts
  - src/models/errors/sdkvalidationerror.ts
  - src/types/blobs.ts
  - src/types/enums.ts
  - src/types/index.ts
  - src/types/operations.ts
  - src/types/rfcdate.ts
  - tsconfig.json
  - src/models/components/integrationsresponse200.ts
  - src/models/components/listintegrationsrequest.ts
  - src/models/components/updateintegrationrequest.ts
  - src/models/components/getintegrationresponse.ts
  - src/models/components/getconnectionresponse.ts
  - src/models/components/createconnectionrequest.ts
  - src/models/components/getrecordresponse.ts
  - src/models/components/getsyncrecordresponse.ts
  - src/models/components/createsynctriggerrequest.ts
  - src/models/components/createsyncstartrequest.ts
  - src/models/components/createsyncpauserequest.ts
  - src/models/components/getsyncstatusresponse.ts
  - src/models/components/updateconnectionfrequencyresponse.ts
  - src/models/components/updateconnectionfrequencyrequest.ts
  - src/models/components/createactiontriggerresponse.ts
  - src/models/components/createactiontriggerrequest.ts
  - src/models/components/getenvironmentvariableresponse.ts
  - src/models/components/createproxyrequest.ts
  - src/models/components/putproxyrequest.ts
  - src/models/components/patchproxyrequest.ts
  - src/models/components/security.ts
  - src/models/errors/response400.ts
  - src/models/errors/response404.ts
  - src/models/operations/getintegration.ts
  - src/models/operations/deleteintegration.ts
  - src/models/operations/listconnections.ts
  - src/models/operations/getconnections.ts
  - src/models/operations/deleteconnections.ts
  - src/models/operations/createmetadata.ts
  - src/models/operations/updatemetadata.ts
  - src/models/operations/getrecord.ts
  - src/models/operations/getsyncrecord.ts
  - src/models/operations/getsyncstatus.ts
  - src/models/operations/createactiontrigger.ts
  - src/models/operations/getproxy.ts
  - src/models/operations/createproxy.ts
  - src/models/operations/putproxy.ts
  - src/models/operations/patchproxy.ts
  - src/models/operations/deleteproxy.ts
  - src/models/errors/index.ts
  - src/models/components/index.ts
  - src/models/operations/index.ts
  - docs/models/components/items.md
  - docs/models/components/integrationsresponse200.md
  - docs/models/components/listintegrationsrequest.md
  - docs/models/components/updateintegrationrequest.md
  - docs/models/components/config.md
  - docs/models/components/getintegrationresponse.md
  - docs/models/components/getconnectionresponseitems.md
  - docs/models/components/getconnectionresponse.md
  - docs/models/components/createconnectionrequest.md
  - docs/models/components/getrecordresponselastaction.md
  - docs/models/components/getrecordresponsenangometadata.md
  - docs/models/components/records.md
  - docs/models/components/getrecordresponse.md
  - docs/models/components/lastaction.md
  - docs/models/components/nangometadata.md
  - docs/models/components/getsyncrecordresponse.md
  - docs/models/components/createsynctriggerrequest.md
  - docs/models/components/createsyncstartrequest.md
  - docs/models/components/createsyncpauserequest.md
  - docs/models/components/status.md
  - docs/models/components/type.md
  - docs/models/components/latestresult.md
  - docs/models/components/syncs.md
  - docs/models/components/getsyncstatusresponse.md
  - docs/models/components/updateconnectionfrequencyresponse.md
  - docs/models/components/updateconnectionfrequencyrequest.md
  - docs/models/components/createactiontriggerresponse.md
  - docs/models/components/input.md
  - docs/models/components/createactiontriggerrequest.md
  - docs/models/components/getenvironmentvariableresponse.md
  - docs/models/components/createproxyrequest.md
  - docs/models/components/putproxyrequest.md
  - docs/models/components/patchproxyrequest.md
  - docs/models/components/security.md
  - docs/models/errors/response400.md
  - docs/models/errors/response404.md
  - docs/models/operations/getintegrationrequest.md
  - docs/models/operations/deleteintegrationrequest.md
  - docs/models/operations/listconnectionsrequest.md
  - docs/models/operations/getconnectionsrequest.md
  - docs/models/operations/deleteconnectionsrequest.md
  - docs/models/operations/createmetadatarequestbody.md
  - docs/models/operations/createmetadatarequest.md
  - docs/models/operations/updatemetadatarequestbody.md
  - docs/models/operations/updatemetadatarequest.md
  - docs/models/operations/updatemetadataresponsebody.md
  - docs/models/operations/filter.md
  - docs/models/operations/getrecordrequest.md
  - docs/models/operations/sortby.md
  - docs/models/operations/order.md
  - docs/models/operations/queryparamfilter.md
  - docs/models/operations/getsyncrecordrequest.md
  - docs/models/operations/getsyncstatusrequest.md
  - docs/models/operations/createactiontriggerrequest.md
  - docs/models/operations/getproxyrequest.md
  - docs/models/operations/createproxyrequest.md
  - docs/models/operations/putproxyrequest.md
  - docs/models/operations/patchproxyrequest.md
  - docs/models/operations/deleteproxyrequest.md
  - docs/sdks/nango/README.md
  - docs/sdks/integrations/README.md
  - docs/sdks/connections/README.md
  - docs/sdks/records/README.md
  - docs/sdks/sync/README.md
  - docs/sdks/actions/README.md
  - docs/sdks/environment/README.md
  - docs/sdks/proxy/README.md
  - USAGE.md
  - .gitattributes
  - src/hooks/hooks.ts
  - src/hooks/types.ts
  - src/hooks/index.ts
