speakeasyVersion: 1.308.2
sources:
    my-source:
        sourceNamespace: my-source
        sourceRevisionDigest: sha256:d1032f6a4fbade2d625aa27c934a70e10f99718d669144a3a044da150d5592b8
        sourceBlobDigest: sha256:efa987571d8346ba36b22ab4746cdde4b9470314c134765f1b925c8d4bf07dae
        tags:
            - latest
targets:
    nango-ts:
        source: my-source
        sourceNamespace: my-source
        sourceRevisionDigest: sha256:d1032f6a4fbade2d625aa27c934a70e10f99718d669144a3a044da150d5592b8
        sourceBlobDigest: sha256:efa987571d8346ba36b22ab4746cdde4b9470314c134765f1b925c8d4bf07dae
        outLocation: /Users/sagar/go/src/Nango-sample-sdk
workflow:
    workflowVersion: 1.0.0
    speakeasyVersion: latest
    sources:
        my-source:
            inputs:
                - location: ./openapi_improved.yaml
            registry:
                location: registry.speakeasyapi.dev/nango/nango/my-source
    targets:
        nango-ts:
            target: typescript
            source: my-source
            publish:
                npm:
                    token: $NPM_TOKEN
