speakeasyVersion: 1.309.1
sources:
    my-source:
        sourceNamespace: my-source
        sourceRevisionDigest: sha256:4c21de82504b1687cc9fe8f437233c16be220b054a6dc555e8f0ec271e56a3b5
        sourceBlobDigest: sha256:0ea48f4e50cb136e6427761d46cef16900926510989ec0fea465d24c52489346
        tags:
            - latest
targets:
    nango-ts:
        source: my-source
        sourceNamespace: my-source
        sourceRevisionDigest: sha256:4c21de82504b1687cc9fe8f437233c16be220b054a6dc555e8f0ec271e56a3b5
        sourceBlobDigest: sha256:0ea48f4e50cb136e6427761d46cef16900926510989ec0fea465d24c52489346
        outLocation: /Users/sagar/go/src/Nango-sample-sdk
workflow:
    workflowVersion: 1.0.0
    speakeasyVersion: latest
    sources:
        my-source:
            inputs:
                - location: ./openapi_improved.yaml
            registry:
                location: registry.speakeasyapi.dev/nango/nango/my-source
    targets:
        nango-ts:
            target: typescript
            source: my-source
