speakeasyVersion: 1.308.2
sources:
    my-source:
        sourceNamespace: my-source
        sourceRevisionDigest: sha256:e1805105aef1abc68b27670d252f58e210ebe93378c877de9b7ba3ff1bb213c1
        sourceBlobDigest: sha256:c8f35fb13bd1b39f87100a9337702cfb360003e518b76404cdcad21f3cb9b489
        tags:
            - latest
targets:
    nango-ts:
        source: my-source
        sourceNamespace: my-source
        sourceRevisionDigest: sha256:e1805105aef1abc68b27670d252f58e210ebe93378c877de9b7ba3ff1bb213c1
        sourceBlobDigest: sha256:c8f35fb13bd1b39f87100a9337702cfb360003e518b76404cdcad21f3cb9b489
        outLocation: /Users/sagar/go/src/Nango-sample-sdk
workflow:
    workflowVersion: 1.0.0
    speakeasyVersion: latest
    sources:
        my-source:
            inputs:
                - location: ./openapi.yaml
            registry:
                location: registry.speakeasyapi.dev/nango/nango/my-source
    targets:
        nango-ts:
            target: typescript
            source: my-source
            publish:
                npm:
                    token: $NPM_TOKEN
